
Microsoft Visual Studio Solution File, Format Version 12.00
# Visual Studio 14
VisualStudioVersion = 14.0.23107.0
MinimumVisualStudioVersion = 10.0.40219.1
Project("{8BC9CEB8-8B4A-11D0-8D11-00A0C91BC942}") = "App", "App\App.vcxproj", "{022A9007-670A-4522-92A0-F89189EFA8CC}"
	ProjectSection(ProjectDependencies) = postProject
		{3A214E06-B95E-4D61-A291-1F8DF2EC10FD} = {3A214E06-B95E-4D61-A291-1F8DF2EC10FD}
		{895F1C1F-E0B6-4F5A-8DCA-80DEC3A25814} = {895F1C1F-E0B6-4F5A-8DCA-80DEC3A25814}
		{CEBDE98B-A6AA-46E6-BC79-FAAF823DB9EC} = {CEBDE98B-A6AA-46E6-BC79-FAAF823DB9EC}
		{15CBFEFF-7965-41F5-B4E2-21E8795C9159} = {15CBFEFF-7965-41F5-B4E2-21E8795C9159}
	EndProjectSection
EndProject
Project("{8BC9CEB8-8B4A-11D0-8D11-00A0C91BC942}") = "Lib", "Lib\Lib.vcxproj", "{895F1C1F-E0B6-4F5A-8DCA-80DEC3A25814}"
	ProjectSection(ProjectDependencies) = postProject
		{3A214E06-B95E-4D61-A291-1F8DF2EC10FD} = {3A214E06-B95E-4D61-A291-1F8DF2EC10FD}
		{CEBDE98B-A6AA-46E6-BC79-FAAF823DB9EC} = {CEBDE98B-A6AA-46E6-BC79-FAAF823DB9EC}
		{0E8A2593-FF42-494D-9934-15F39D8183DA} = {0E8A2593-FF42-494D-9934-15F39D8183DA}
		{15CBFEFF-7965-41F5-B4E2-21E8795C9159} = {15CBFEFF-7965-41F5-B4E2-21E8795C9159}
	EndProjectSection
EndProject
Project("{8BC9CEB8-8B4A-11D0-8D11-00A0C91BC942}") = "libogg_static", "libogg\win32\VS2015\libogg_static.vcxproj", "{15CBFEFF-7965-41F5-B4E2-21E8795C9159}"
EndProject
Project("{8BC9CEB8-8B4A-11D0-8D11-00A0C91BC942}") = "libvorbis_static", "libvorbis\win32\VS2015\libvorbis\libvorbis_static.vcxproj", "{3A214E06-B95E-4D61-A291-1F8DF2EC10FD}"
	ProjectSection(ProjectDependencies) = postProject
		{15CBFEFF-7965-41F5-B4E2-21E8795C9159} = {15CBFEFF-7965-41F5-B4E2-21E8795C9159}
	EndProjectSection
EndProject
Project("{8BC9CEB8-8B4A-11D0-8D11-00A0C91BC942}") = "libvorbisfile_static", "libvorbis\win32\VS2015\libvorbisfile\libvorbisfile_static.vcxproj", "{CEBDE98B-A6AA-46E6-BC79-FAAF823DB9EC}"
EndProject
Project("{8BC9CEB8-8B4A-11D0-8D11-00A0C91BC942}") = "lua", "lua\lua.vcxproj", "{0E8A2593-FF42-494D-9934-15F39D8183DA}"
	ProjectSection(ProjectDependencies) = postProject
		{15CBFEFF-7965-41F5-B4E2-21E8795C9159} = {15CBFEFF-7965-41F5-B4E2-21E8795C9159}
	EndProjectSection
EndProject
Global
	GlobalSection(SolutionConfigurationPlatforms) = preSolution
		Debug|x64 = Debug|x64
		Debug|x86 = Debug|x86
		Release|x64 = Release|x64
		Release|x86 = Release|x86
	EndGlobalSection
	GlobalSection(ProjectConfigurationPlatforms) = postSolution
		{022A9007-670A-4522-92A0-F89189EFA8CC}.Debug|x64.ActiveCfg = Debug|x64
		{022A9007-670A-4522-92A0-F89189EFA8CC}.Debug|x64.Build.0 = Debug|x64
		{022A9007-670A-4522-92A0-F89189EFA8CC}.Debug|x86.ActiveCfg = Debug|Win32
		{022A9007-670A-4522-92A0-F89189EFA8CC}.Debug|x86.Build.0 = Debug|Win32
		{022A9007-670A-4522-92A0-F89189EFA8CC}.Release|x64.ActiveCfg = Release|x64
		{022A9007-670A-4522-92A0-F89189EFA8CC}.Release|x64.Build.0 = Release|x64
		{022A9007-670A-4522-92A0-F89189EFA8CC}.Release|x86.ActiveCfg = Release|Win32
		{022A9007-670A-4522-92A0-F89189EFA8CC}.Release|x86.Build.0 = Release|Win32
		{895F1C1F-E0B6-4F5A-8DCA-80DEC3A25814}.Debug|x64.ActiveCfg = Debug|x64
		{895F1C1F-E0B6-4F5A-8DCA-80DEC3A25814}.Debug|x64.Build.0 = Debug|x64
		{895F1C1F-E0B6-4F5A-8DCA-80DEC3A25814}.Debug|x86.ActiveCfg = Debug|Win32
		{895F1C1F-E0B6-4F5A-8DCA-80DEC3A25814}.Debug|x86.Build.0 = Debug|Win32
		{895F1C1F-E0B6-4F5A-8DCA-80DEC3A25814}.Release|x64.ActiveCfg = Release|x64
		{895F1C1F-E0B6-4F5A-8DCA-80DEC3A25814}.Release|x64.Build.0 = Release|x64
		{895F1C1F-E0B6-4F5A-8DCA-80DEC3A25814}.Release|x86.ActiveCfg = Release|Win32
		{895F1C1F-E0B6-4F5A-8DCA-80DEC3A25814}.Release|x86.Build.0 = Release|Win32
		{15CBFEFF-7965-41F5-B4E2-21E8795C9159}.Debug|x64.ActiveCfg = Debug|x64
		{15CBFEFF-7965-41F5-B4E2-21E8795C9159}.Debug|x64.Build.0 = Debug|x64
		{15CBFEFF-7965-41F5-B4E2-21E8795C9159}.Debug|x86.ActiveCfg = Debug|Win32
		{15CBFEFF-7965-41F5-B4E2-21E8795C9159}.Debug|x86.Build.0 = Debug|Win32
		{15CBFEFF-7965-41F5-B4E2-21E8795C9159}.Release|x64.ActiveCfg = Release|x64
		{15CBFEFF-7965-41F5-B4E2-21E8795C9159}.Release|x64.Build.0 = Release|x64
		{15CBFEFF-7965-41F5-B4E2-21E8795C9159}.Release|x86.ActiveCfg = Release|Win32
		{15CBFEFF-7965-41F5-B4E2-21E8795C9159}.Release|x86.Build.0 = Release|Win32
		{3A214E06-B95E-4D61-A291-1F8DF2EC10FD}.Debug|x64.ActiveCfg = Debug|x64
		{3A214E06-B95E-4D61-A291-1F8DF2EC10FD}.Debug|x64.Build.0 = Debug|x64
		{3A214E06-B95E-4D61-A291-1F8DF2EC10FD}.Debug|x86.ActiveCfg = Debug|Win32
		{3A214E06-B95E-4D61-A291-1F8DF2EC10FD}.Debug|x86.Build.0 = Debug|Win32
		{3A214E06-B95E-4D61-A291-1F8DF2EC10FD}.Release|x64.ActiveCfg = Release|x64
		{3A214E06-B95E-4D61-A291-1F8DF2EC10FD}.Release|x64.Build.0 = Release|x64
		{3A214E06-B95E-4D61-A291-1F8DF2EC10FD}.Release|x86.ActiveCfg = Release|Win32
		{3A214E06-B95E-4D61-A291-1F8DF2EC10FD}.Release|x86.Build.0 = Release|Win32
		{CEBDE98B-A6AA-46E6-BC79-FAAF823DB9EC}.Debug|x64.ActiveCfg = Debug|x64
		{CEBDE98B-A6AA-46E6-BC79-FAAF823DB9EC}.Debug|x64.Build.0 = Debug|x64
		{CEBDE98B-A6AA-46E6-BC79-FAAF823DB9EC}.Debug|x86.ActiveCfg = Debug|Win32
		{CEBDE98B-A6AA-46E6-BC79-FAAF823DB9EC}.Debug|x86.Build.0 = Debug|Win32
		{CEBDE98B-A6AA-46E6-BC79-FAAF823DB9EC}.Release|x64.ActiveCfg = Release|x64
		{CEBDE98B-A6AA-46E6-BC79-FAAF823DB9EC}.Release|x64.Build.0 = Release|x64
		{CEBDE98B-A6AA-46E6-BC79-FAAF823DB9EC}.Release|x86.ActiveCfg = Release|Win32
		{CEBDE98B-A6AA-46E6-BC79-FAAF823DB9EC}.Release|x86.Build.0 = Release|Win32
		{0E8A2593-FF42-494D-9934-15F39D8183DA}.Debug|x64.ActiveCfg = Debug|x64
		{0E8A2593-FF42-494D-9934-15F39D8183DA}.Debug|x64.Build.0 = Debug|x64
		{0E8A2593-FF42-494D-9934-15F39D8183DA}.Debug|x86.ActiveCfg = Debug|Win32
		{0E8A2593-FF42-494D-9934-15F39D8183DA}.Debug|x86.Build.0 = Debug|Win32
		{0E8A2593-FF42-494D-9934-15F39D8183DA}.Release|x64.ActiveCfg = Release|x64
		{0E8A2593-FF42-494D-9934-15F39D8183DA}.Release|x64.Build.0 = Release|x64
		{0E8A2593-FF42-494D-9934-15F39D8183DA}.Release|x86.ActiveCfg = Release|Win32
		{0E8A2593-FF42-494D-9934-15F39D8183DA}.Release|x86.Build.0 = Release|Win32
	EndGlobalSection
	GlobalSection(SolutionProperties) = preSolution
		HideSolutionNode = FALSE
	EndGlobalSection
EndGlobal
